
Microsoft Visual Studio Solution File, Format Version 12.00
# Visual Studio Version 17
VisualStudioVersion = 17.9.34902.65
MinimumVisualStudioVersion = 10.0.40219.1
Project("{9A19103F-16F7-4668-BE54-9A1E7A4F7556}") = "10379457_CLDV6211_POE", "10379457_CLDV6211_POE.csproj", "{752FED9C-36EA-4ED8-B79C-39CF00BDD7C6}"
EndProject
Global
	GlobalSection(SolutionConfigurationPlatforms) = preSolution
		Debug|Any CPU = Debug|Any CPU
		Release|Any CPU = Release|Any CPU
	EndGlobalSection
	GlobalSection(ProjectConfigurationPlatforms) = postSolution
		{752FED9C-36EA-4ED8-B79C-39CF00BDD7C6}.Debug|Any CPU.ActiveCfg = Debug|Any CPU
		{752FED9C-36EA-4ED8-B79C-39CF00BDD7C6}.Debug|Any CPU.Build.0 = Debug|Any CPU
		{752FED9C-36EA-4ED8-B79C-39CF00BDD7C6}.Release|Any CPU.ActiveCfg = Release|Any CPU
		{752FED9C-36EA-4ED8-B79C-39CF00BDD7C6}.Release|Any CPU.Build.0 = Release|Any CPU
	EndGlobalSection
	GlobalSection(SolutionProperties) = preSolution
		HideSolutionNode = FALSE
	EndGlobalSection
	GlobalSection(ExtensibilityGlobals) = postSolution
		SolutionGuid = {05F2A18B-6AED-4268-AC2F-35861387332C}
	EndGlobalSection
EndGlobal
